dependencies:
- name: client-service
  repository: file://../client_service
  version: 0.1.2
- name: coordination-service
  repository: file://../coordination_service
  version: 0.1.2
- name: csmock
  repository: file://../csmock
  version: 0.1.2
digest: sha256:f14283ae72dadac160eaa709d781c5b851c7383b5f4efaf5bf6014f598a4fe5b
generated: "2025-06-24T10:24:15.624697+02:00"
