dependencies:
- name: client-service
  repository: file://../client_service
  version: 0.3.0
- name: coordination-service
  repository: file://../coordination_service
  version: 0.1.0
- name: csmock
  repository: file://../csmock
  version: 0.1.0
digest: sha256:8ff7c1c5441f6d3e97e04e6f73c0d740222f924eca792c29714f10d4e6779ee5
generated: "2025-04-16T15:13:13.280875+02:00"
